
Microsoft Visual Studio Solution File, Format Version 12.00
# Visual Studio Version 16
VisualStudioVersion = 16.0.29503.13
MinimumVisualStudioVersion = 10.0.40219.1
Project("{FAE04EC0-301F-11D3-BF4B-00C04F79EFBC}") = "TennisSimulation", "TennisSimulation.csproj", "{E0B0C405-8B02-4803-B3D4-105081DDC87E}"
EndProject
Project("{FAE04EC0-301F-11D3-BF4B-00C04F79EFBC}") = "TennisSimulation.TournamentBase", "..\TennisSimulation.TournamentBase\TennisSimulation.TournamentBase.csproj", "{AC946646-BDA5-4766-85AB-3FAD7B44B00F}"
EndProject
Project("{FAE04EC0-301F-11D3-BF4B-00C04F79EFBC}") = "TennisSimulation.Utilities", "..\TennisSimulation.Utilities\TennisSimulation.Utilities.csproj", "{21874FDF-2432-491A-8227-E05332A92072}"
EndProject
Global
	GlobalSection(SolutionConfigurationPlatforms) = preSolution
		Debug|Any CPU = Debug|Any CPU
		Release|Any CPU = Release|Any CPU
	EndGlobalSection
	GlobalSection(ProjectConfigurationPlatforms) = postSolution
		{E0B0C405-8B02-4803-B3D4-105081DDC87E}.Debug|Any CPU.ActiveCfg = Debug|Any CPU
		{E0B0C405-8B02-4803-B3D4-105081DDC87E}.Debug|Any CPU.Build.0 = Debug|Any CPU
		{E0B0C405-8B02-4803-B3D4-105081DDC87E}.Release|Any CPU.ActiveCfg = Release|Any CPU
		{E0B0C405-8B02-4803-B3D4-105081DDC87E}.Release|Any CPU.Build.0 = Release|Any CPU
		{AC946646-BDA5-4766-85AB-3FAD7B44B00F}.Debug|Any CPU.ActiveCfg = Debug|Any CPU
		{AC946646-BDA5-4766-85AB-3FAD7B44B00F}.Debug|Any CPU.Build.0 = Debug|Any CPU
		{AC946646-BDA5-4766-85AB-3FAD7B44B00F}.Release|Any CPU.ActiveCfg = Release|Any CPU
		{AC946646-BDA5-4766-85AB-3FAD7B44B00F}.Release|Any CPU.Build.0 = Release|Any CPU
		{21874FDF-2432-491A-8227-E05332A92072}.Debug|Any CPU.ActiveCfg = Debug|Any CPU
		{21874FDF-2432-491A-8227-E05332A92072}.Debug|Any CPU.Build.0 = Debug|Any CPU
		{21874FDF-2432-491A-8227-E05332A92072}.Release|Any CPU.ActiveCfg = Release|Any CPU
		{21874FDF-2432-491A-8227-E05332A92072}.Release|Any CPU.Build.0 = Release|Any CPU
	EndGlobalSection
	GlobalSection(SolutionProperties) = preSolution
		HideSolutionNode = FALSE
	EndGlobalSection
	GlobalSection(ExtensibilityGlobals) = postSolution
		SolutionGuid = {5736C848-AA7C-43EF-88C8-103DB2673F6D}
	EndGlobalSection
EndGlobal
